{
  "requires": true,
  "lockfileVersion": 1,
  "dependencies": {
    "bootstrap": {
      "version": "4.1.1",
      "resolved": "https://registry.npmjs.org/bootstrap/-/bootstrap-4.1.1.tgz",
      "integrity": "sha512-SpiDSOcbg4J/PjVSt4ny5eY6j74VbVSjROY4Fb/WIUXBV9cnb5luyR4KnPvNoXuGnBK1T+nJIWqRsvU3yP8Mcg=="
    },
    "font-awesome": {
      "version": "4.7.0",
      "resolved": "https://registry.npmjs.org/font-awesome/-/font-awesome-4.7.0.tgz",
      "integrity": "sha1-j6jPBBGhoxr9B7BtKQK7n8gVoTM="
    },
    "jquery": {
      "version": "3.3.1",
      "resolved": "https://registry.npmjs.org/jquery/-/jquery-3.3.1.tgz",
      "integrity": "sha512-Ubldcmxp5np52/ENotGxlLe6aGMvmF4R8S6tZjsP6Knsaxd/xp3Zrh50cG93lR6nPXyUFwzN3ZSOQI0wRJNdGg=="
    },
    "jquery.easing": {
      "version": "1.4.1",
      "resolved": "https://registry.npmjs.org/jquery.easing/-/jquery.easing-1.4.1.tgz",
      "integrity": "sha1-R5gsWDa9dY/UhJSSPEoQHvbpPjs="
    },
    "magnific-popup": {
      "version": "1.1.0",
      "resolved": "https://registry.npmjs.org/magnific-popup/-/magnific-popup-1.1.0.tgz",
      "integrity": "sha1-PnNixb0Y9nhf6Z5Z0BPiCvM9MEk="
    },
    "startbootstrap-freelancer": {
      "version": "4.1.1",
      "resolved": "https://registry.npmjs.org/startbootstrap-freelancer/-/startbootstrap-freelancer-4.1.1.tgz",
      "integrity": "sha512-EPlEcMjBS/FWog4trYZhL0ad+36SzNuOOWnsr50SdaNirroT1xa/dL+xq9l9m3ZIKnZ4mK8XdMCKvDU7EwCcng==",
      "requires": {
        "bootstrap": "4.1.1",
        "font-awesome": "4.7.0",
        "jquery": "3.3.1",
        "jquery.easing": "1.4.1",
        "magnific-popup": "1.1.0"
      }
    }
  }
}
